# This file is @generated by PDM.
# It is not intended for manual editing.

[metadata]
groups = ["default"]
strategy = ["inherit_metadata"]
lock_version = "4.5.0"
content_hash = "sha256:b14a947d40e9064898ce2bc583437840bc5e043775ebb553510a21f8958235af"

[[metadata.targets]]
requires_python = ">=3.11,<3.13"
